{
    "_meta": {
        "hash": {
            "sha256": "93dfedbcea53d6022b312a833b581e25d947de1a848e49dc10718dede22a0dee"
        },
        "pipfile-spec": 6,
        "requires": {
            "python_version": "3.8"
        },
        "sources": [
            {
                "name": "pypi",
                "url": "https://pypi.org/simple",
                "verify_ssl": true
            }
        ]
    },
    "default": {
        "bottle": {
            "hashes": [
                "sha256:0819b74b145a7def225c0e83b16a4d5711fde751cd92bae467a69efce720f69e",
                "sha256:43157254e88f32c6be16f8d9eb1f1d1472396a4e174ebd2bf62544854ecf37e7"
            ],
            "index": "pypi",
            "version": "==0.12.18"
        },
        "kenl380": {
            "hashes": [
                "sha256:1df92b0436ea8abce2ae4ac36d0f860c0931ccaf9b116aeded6da299a92d11b2",
                "sha256:226b6925f956484a0e9d9b6804f60c0093f17ff374fe0c365b80329ba7957451"
            ],
            "markers": "python_version >= '2.7'",
            "version": "==1.0.0"
        },
        "kenl380.pylib": {
            "hashes": [
                "sha256:375aaf46093bfec068069ce0d249c733394811b0bf3a87ca5bda071f697aa8fb",
                "sha256:38489959ae064ac738cfdc85ee36ff02c0c8c85301d6de95780a569d1196e6f8"
            ],
            "markers": "python_version >= '2.7'",
            "version": "==1.0.0"
        },
        "pathtools": {
            "hashes": [
                "sha256:7c35c5421a39bb82e58018febd90e3b6e5db34c5443aaaf742b3f33d4655f1c0"
            ],
            "version": "==0.1.2"
        },
        "selenium": {
            "hashes": [
                "sha256:2d7131d7bc5a5b99a2d9b04aaf2612c411b03b8ca1b1ee8d3de5845a9be2cb3c",
                "sha256:deaf32b60ad91a4611b98d8002757f29e6f2c2d5fcaf202e1c9ad06d6772300d"
            ],
            "index": "pypi",
            "version": "==3.141.0"
        },
        "smd": {
            "editable": true,
            "path": "/Users/ken/Dropbox/shared/src/script/smd"
        },
        "urllib3": {
            "hashes": [
                "sha256:3018294ebefce6572a474f0604c2021e33b3fd8006ecd11d62107a5d2a963527",
                "sha256:88206b0eb87e6d677d424843ac5209e3fb9d0190d0ee169599165ec25e9d9115"
            ],
            "markers": "python_version >= '2.7' and python_version not in '3.0, 3.1, 3.2, 3.3, 3.4' and python_version < '4'",
            "version": "==1.25.9"
        },
        "watchdog": {
            "hashes": [
                "sha256:c560efb643faed5ef28784b2245cf8874f939569717a4a12826a173ac644456b"
            ],
            "index": "pypi",
            "version": "==0.10.2"
        }
    },
    "develop": {}
}
